
Microsoft Visual Studio Solution File, Format Version 12.00
# Visual Studio Version 17
VisualStudioVersion = 17.0.31903.59
MinimumVisualStudioVersion = 10.0.40219.1
Project("{9A19103F-16F7-4668-BE54-9A1E7A4F7556}") = "LAB1", "LAB1\LAB1.csproj", "{67F660B1-39B4-459C-ABA7-1486A75C10FC}"
EndProject
Project("{9A19103F-16F7-4668-BE54-9A1E7A4F7556}") = "Start", "Start\Start.csproj", "{3F29BE24-375D-431C-88F2-D41280B2CF16}"
EndProject
Project("{9A19103F-16F7-4668-BE54-9A1E7A4F7556}") = "LAB2", "LAB2\LAB2.csproj", "{300488E3-AACB-4751-829F-DDA1397B1EFA}"
EndProject
Project("{9A19103F-16F7-4668-BE54-9A1E7A4F7556}") = "LAB3", "LAB3\LAB3.csproj", "{2C8AB62F-257D-4587-9F04-F688F917E885}"
EndProject
Project("{9A19103F-16F7-4668-BE54-9A1E7A4F7556}") = "LAB4", "LAB4\LAB4.csproj", "{228E9A53-0BA0-419B-AE9A-EAE81C6BE18F}"
EndProject
Project("{9A19103F-16F7-4668-BE54-9A1E7A4F7556}") = "MyLibrary", "MyLibrary\MyLibrary.csproj", "{A52BF6E0-9278-4DBA-A156-4337DA2DDC90}"
EndProject
Global
	GlobalSection(SolutionConfigurationPlatforms) = preSolution
		Debug|Any CPU = Debug|Any CPU
		Release|Any CPU = Release|Any CPU
	EndGlobalSection
	GlobalSection(ProjectConfigurationPlatforms) = postSolution
		{67F660B1-39B4-459C-ABA7-1486A75C10FC}.Debug|Any CPU.ActiveCfg = Debug|Any CPU
		{67F660B1-39B4-459C-ABA7-1486A75C10FC}.Debug|Any CPU.Build.0 = Debug|Any CPU
		{67F660B1-39B4-459C-ABA7-1486A75C10FC}.Release|Any CPU.ActiveCfg = Release|Any CPU
		{67F660B1-39B4-459C-ABA7-1486A75C10FC}.Release|Any CPU.Build.0 = Release|Any CPU
		{3F29BE24-375D-431C-88F2-D41280B2CF16}.Debug|Any CPU.ActiveCfg = Debug|Any CPU
		{3F29BE24-375D-431C-88F2-D41280B2CF16}.Debug|Any CPU.Build.0 = Debug|Any CPU
		{3F29BE24-375D-431C-88F2-D41280B2CF16}.Release|Any CPU.ActiveCfg = Release|Any CPU
		{3F29BE24-375D-431C-88F2-D41280B2CF16}.Release|Any CPU.Build.0 = Release|Any CPU
		{300488E3-AACB-4751-829F-DDA1397B1EFA}.Debug|Any CPU.ActiveCfg = Debug|Any CPU
		{300488E3-AACB-4751-829F-DDA1397B1EFA}.Debug|Any CPU.Build.0 = Debug|Any CPU
		{300488E3-AACB-4751-829F-DDA1397B1EFA}.Release|Any CPU.ActiveCfg = Release|Any CPU
		{300488E3-AACB-4751-829F-DDA1397B1EFA}.Release|Any CPU.Build.0 = Release|Any CPU
		{2C8AB62F-257D-4587-9F04-F688F917E885}.Debug|Any CPU.ActiveCfg = Debug|Any CPU
		{2C8AB62F-257D-4587-9F04-F688F917E885}.Debug|Any CPU.Build.0 = Debug|Any CPU
		{2C8AB62F-257D-4587-9F04-F688F917E885}.Release|Any CPU.ActiveCfg = Release|Any CPU
		{2C8AB62F-257D-4587-9F04-F688F917E885}.Release|Any CPU.Build.0 = Release|Any CPU
		{228E9A53-0BA0-419B-AE9A-EAE81C6BE18F}.Debug|Any CPU.ActiveCfg = Debug|Any CPU
		{228E9A53-0BA0-419B-AE9A-EAE81C6BE18F}.Debug|Any CPU.Build.0 = Debug|Any CPU
		{228E9A53-0BA0-419B-AE9A-EAE81C6BE18F}.Release|Any CPU.ActiveCfg = Release|Any CPU
		{228E9A53-0BA0-419B-AE9A-EAE81C6BE18F}.Release|Any CPU.Build.0 = Release|Any CPU
		{A52BF6E0-9278-4DBA-A156-4337DA2DDC90}.Debug|Any CPU.ActiveCfg = Debug|Any CPU
		{A52BF6E0-9278-4DBA-A156-4337DA2DDC90}.Debug|Any CPU.Build.0 = Debug|Any CPU
		{A52BF6E0-9278-4DBA-A156-4337DA2DDC90}.Release|Any CPU.ActiveCfg = Release|Any CPU
		{A52BF6E0-9278-4DBA-A156-4337DA2DDC90}.Release|Any CPU.Build.0 = Release|Any CPU
	EndGlobalSection
	GlobalSection(SolutionProperties) = preSolution
		HideSolutionNode = FALSE
	EndGlobalSection
	GlobalSection(ExtensibilityGlobals) = postSolution
		SolutionGuid = {0F6865EE-9904-4363-A1D2-D197EE829D8D}
	EndGlobalSection
EndGlobal
